// !$*UTF8*$!
{
	archiveVersion = 1;
	classes = {
	};
	objectVersion = 46;
	objects = {

/* Begin PBXBuildFile section */
		C4BF2B581C0D775400CE0CAF /* main.m in Sources */ = {isa = PBXBuildFile; fileRef = C4BF2B571C0D775400CE0CAF /* main.m */; };
		C4BF2B5B1C0D775400CE0CAF /* AppDelegate.m in Sources */ = {isa = PBXBuildFile; fileRef = C4BF2B5A1C0D775400CE0CAF /* AppDelegate.m */; };
		C4BF2B611C0D775400CE0CAF /* Main.storyboard in Resources */ = {isa = PBXBuildFile; fileRef = C4BF2B5F1C0D775400CE0CAF /* Main.storyboard */; };
		C4BF2B631C0D775400CE0CAF /* Assets.xcassets in Resources */ = {isa = PBXBuildFile; fileRef = C4BF2B621C0D775400CE0CAF /* Assets.xcassets */; };
		C4BF2B661C0D775400CE0CAF /* LaunchScreen.storyboard in Resources */ = {isa = PBXBuildFile; fileRef = C4BF2B641C0D775400CE0CAF /* LaunchScreen.storyboard */; };
		C4BF2B711C0D77CE00CE0CAF /* HomeViewController.m in Sources */ = {isa = PBXBuildFile; fileRef = C4BF2B701C0D77CE00CE0CAF /* HomeViewController.m */; };
		C4BF2B741C0D77D700CE0CAF /* MineViewController.m in Sources */ = {isa = PBXBuildFile; fileRef = C4BF2B731C0D77D700CE0CAF /* MineViewController.m */; };
		C4BF2B771C0D780900CE0CAF /* YLTabBarViewController.m in Sources */ = {isa = PBXBuildFile; fileRef = C4BF2B761C0D780900CE0CAF /* YLTabBarViewController.m */; };
/* End PBXBuildFile section */

/* Begin PBXFileReference section */
		C4BF2B531C0D775400CE0CAF /* CustomTabBar.app */ = {isa = PBXFileReference; explicitFileType = wrapper.application; includeInIndex = 0; path = CustomTabBar.app; sourceTree = BUILT_PRODUCTS_DIR; };
		C4BF2B571C0D775400CE0CAF /* main.m */ = {isa = PBXFileReference; lastKnownFileType = sourcecode.c.objc; path = main.m; sourceTree = "<group>"; };
		C4BF2B591C0D775400CE0CAF /* AppDelegate.h */ = {isa = PBXFileReference; lastKnownFileType = sourcecode.c.h; path = AppDelegate.h; sourceTree = "<group>"; };
		C4BF2B5A1C0D775400CE0CAF /* AppDelegate.m */ = {isa = PBXFileReference; lastKnownFileType = sourcecode.c.objc; path = AppDelegate.m; sourceTree = "<group>"; };
		C4BF2B601C0D775400CE0CAF /* Base */ = {isa = PBXFileReference; lastKnownFileType = file.storyboard; name = Base; path = Base.lproj/Main.storyboard; sourceTree = "<group>"; };
		C4BF2B621C0D775400CE0CAF /* Assets.xcassets */ = {isa = PBXFileReference; lastKnownFileType = folder.assetcatalog; path = Assets.xcassets; sourceTree = "<group>"; };
		C4BF2B651C0D775400CE0CAF /* Base */ = {isa = PBXFileReference; lastKnownFileType = file.storyboard; name = Base; path = Base.lproj/LaunchScreen.storyboard; sourceTree = "<group>"; };
		C4BF2B671C0D775400CE0CAF /* Info.plist */ = {isa = PBXFileReference; lastKnownFileType = text.plist.xml; path = Info.plist; sourceTree = "<group>"; };
		C4BF2B6F1C0D77CE00CE0CAF /* HomeViewController.h */ = {isa = PBXFileReference; fileEncoding = 4; lastKnownFileType = sourcecode.c.h; path = HomeViewController.h; sourceTree = "<group>"; };
		C4BF2B701C0D77CE00CE0CAF /* HomeViewController.m */ = {isa = PBXFileReference; fileEncoding = 4; lastKnownFileType = sourcecode.c.objc; path = HomeViewController.m; sourceTree = "<group>"; };
		C4BF2B721C0D77D700CE0CAF /* MineViewController.h */ = {isa = PBXFileReference; fileEncoding = 4; lastKnownFileType = sourcecode.c.h; path = MineViewController.h; sourceTree = "<group>"; };
		C4BF2B731C0D77D700CE0CAF /* MineViewController.m */ = {isa = PBXFileReference; fileEncoding = 4; lastKnownFileType = sourcecode.c.objc; path = MineViewController.m; sourceTree = "<group>"; };
		C4BF2B751C0D780900CE0CAF /* YLTabBarViewController.h */ = {isa = PBXFileReference; fileEncoding = 4; lastKnownFileType = sourcecode.c.h; path = YLTabBarViewController.h; sourceTree = "<group>"; };
		C4BF2B761C0D780900CE0CAF /* YLTabBarViewController.m */ = {isa = PBXFileReference; fileEncoding = 4; lastKnownFileType = sourcecode.c.objc; path = YLTabBarViewController.m; sourceTree = "<group>"; };
/* End PBXFileReference section */

/* Begin PBXFrameworksBuildPhase section */
		C4BF2B501C0D775400CE0CAF /* Frameworks */ = {
			isa = PBXFrameworksBuildPhase;
			buildActionMask = 2147483647;
			files = (
			);
			runOnlyForDeploymentPostprocessing = 0;
		};
/* End PBXFrameworksBuildPhase section */

/* Begin PBXGroup section */
		C4BF2B4A1C0D775400CE0CAF = {
			isa = PBXGroup;
			children = (
				C4BF2B551C0D775400CE0CAF /* CustomTabBar */,
				C4BF2B541C0D775400CE0CAF /* Products */,
			);
			sourceTree = "<group>";
		};
		C4BF2B541C0D775400CE0CAF /* Products */ = {
			isa = PBXGroup;
			children = (
				C4BF2B531C0D775400CE0CAF /* CustomTabBar.app */,
			);
			name = Products;
			sourceTree = "<group>";
		};
		C4BF2B551C0D775400CE0CAF /* CustomTabBar */ = {
			isa = PBXGroup;
			children = (
				C4BF2B591C0D775400CE0CAF /* AppDelegate.h */,
				C4BF2B5A1C0D775400CE0CAF /* AppDelegate.m */,
				C4BF2B6E1C0D77C200CE0CAF /* ViewClass */,
				C4BF2B6D1C0D77AD00CE0CAF /* CustomTabBar */,
				C4BF2B5F1C0D775400CE0CAF /* Main.storyboard */,
				C4BF2B621C0D775400CE0CAF /* Assets.xcassets */,
				C4BF2B641C0D775400CE0CAF /* LaunchScreen.storyboard */,
				C4BF2B671C0D775400CE0CAF /* Info.plist */,
				C4BF2B561C0D775400CE0CAF /* Supporting Files */,
			);
			path = CustomTabBar;
			sourceTree = "<group>";
		};
		C4BF2B561C0D775400CE0CAF /* Supporting Files */ = {
			isa = PBXGroup;
			children = (
				C4BF2B571C0D775400CE0CAF /* main.m */,
			);
			name = "Supporting Files";
			sourceTree = "<group>";
		};
		C4BF2B6D1C0D77AD00CE0CAF /* CustomTabBar */ = {
			isa = PBXGroup;
			children = (
				C4BF2B751C0D780900CE0CAF /* YLTabBarViewController.h */,
				C4BF2B761C0D780900CE0CAF /* YLTabBarViewController.m */,
			);
			path = CustomTabBar;
			sourceTree = "<group>";
		};
		C4BF2B6E1C0D77C200CE0CAF /* ViewClass */ = {
			isa = PBXGroup;
			children = (
				C4BF2B6F1C0D77CE00CE0CAF /* HomeViewController.h */,
				C4BF2B701C0D77CE00CE0CAF /* HomeViewController.m */,
				C4BF2B721C0D77D700CE0CAF /* MineViewController.h */,
				C4BF2B731C0D77D700CE0CAF /* MineViewController.m */,
			);
			path = ViewClass;
			sourceTree = "<group>";
		};
/* End PBXGroup section */

/* Begin PBXNativeTarget section */
		C4BF2B521C0D775400CE0CAF /* CustomTabBar */ = {
			isa = PBXNativeTarget;
			buildConfigurationList = C4BF2B6A1C0D775400CE0CAF /* Build configuration list for PBXNativeTarget "CustomTabBar" */;
			buildPhases = (
				C4BF2B4F1C0D775400CE0CAF /* Sources */,
				C4BF2B501C0D775400CE0CAF /* Frameworks */,
				C4BF2B511C0D775400CE0CAF /* Resources */,
			);
			buildRules = (
			);
			dependencies = (
			);
			name = CustomTabBar;
			productName = CustomTabBar;
			productReference = C4BF2B531C0D775400CE0CAF /* CustomTabBar.app */;
			productType = "com.apple.product-type.application";
		};
/* End PBXNativeTarget section */

/* Begin PBXProject section */
		C4BF2B4B1C0D775400CE0CAF /* Project object */ = {
			isa = PBXProject;
			attributes = {
				LastUpgradeCheck = 0710;
				ORGANIZATIONNAME = Jerry;
				TargetAttributes = {
					C4BF2B521C0D775400CE0CAF = {
						CreatedOnToolsVersion = 7.1;
					};
				};
			};
			buildConfigurationList = C4BF2B4E1C0D775400CE0CAF /* Build configuration list for PBXProject "CustomTabBar" */;
			compatibilityVersion = "Xcode 3.2";
			developmentRegion = English;
			hasScannedForEncodings = 0;
			knownRegions = (
				en,
				Base,
			);
			mainGroup = C4BF2B4A1C0D775400CE0CAF;
			productRefGroup = C4BF2B541C0D775400CE0CAF /* Products */;
			projectDirPath = "";
			projectRoot = "";
			targets = (
				C4BF2B521C0D775400CE0CAF /* CustomTabBar */,
			);
		};
/* End PBXProject section */

/* Begin PBXResourcesBuildPhase section */
		C4BF2B511C0D775400CE0CAF /* Resources */ = {
			isa = PBXResourcesBuildPhase;
			buildActionMask = 2147483647;
			files = (
				C4BF2B661C0D775400CE0CAF /* LaunchScreen.storyboard in Resources */,
				C4BF2B631C0D775400CE0CAF /* Assets.xcassets in Resources */,
				C4BF2B611C0D775400CE0CAF /* Main.storyboard in Resources */,
			);
			runOnlyForDeploymentPostprocessing = 0;
		};
/* End PBXResourcesBuildPhase section */

/* Begin PBXSourcesBuildPhase section */
		C4BF2B4F1C0D775400CE0CAF /* Sources */ = {
			isa = PBXSourcesBuildPhase;
			buildActionMask = 2147483647;
			files = (
				C4BF2B771C0D780900CE0CAF /* YLTabBarViewController.m in Sources */,
				C4BF2B5B1C0D775400CE0CAF /* AppDelegate.m in Sources */,
				C4BF2B741C0D77D700CE0CAF /* MineViewController.m in Sources */,
				C4BF2B581C0D775400CE0CAF /* main.m in Sources */,
				C4BF2B711C0D77CE00CE0CAF /* HomeViewController.m in Sources */,
			);
			runOnlyForDeploymentPostprocessing = 0;
		};
/* End PBXSourcesBuildPhase section */

/* Begin PBXVariantGroup section */
		C4BF2B5F1C0D775400CE0CAF /* Main.storyboard */ = {
			isa = PBXVariantGroup;
			children = (
				C4BF2B601C0D775400CE0CAF /* Base */,
			);
			name = Main.storyboard;
			sourceTree = "<group>";
		};
		C4BF2B641C0D775400CE0CAF /* LaunchScreen.storyboard */ = {
			isa = PBXVariantGroup;
			children = (
				C4BF2B651C0D775400CE0CAF /* Base */,
			);
			name = LaunchScreen.storyboard;
			sourceTree = "<group>";
		};
/* End PBXVariantGroup section */

/* Begin XCBuildConfiguration section */
		C4BF2B681C0D775400CE0CAF /* Debug */ = {
			isa = XCBuildConfiguration;
			buildSettings = {
				ALWAYS_SEARCH_USER_PATHS = NO;
				CLANG_CXX_LANGUAGE_STANDARD = "gnu++0x";
				CLANG_CXX_LIBRARY = "libc++";
				CLANG_ENABLE_MODULES = YES;
				CLANG_ENABLE_OBJC_ARC = YES;
				CLANG_WARN_BOOL_CONVERSION = YES;
				CLANG_WARN_CONSTANT_CONVERSION = YES;
				CLANG_WARN_DIRECT_OBJC_ISA_USAGE = YES_ERROR;
				CLANG_WARN_EMPTY_BODY = YES;
				CLANG_WARN_ENUM_CONVERSION = YES;
				CLANG_WARN_INT_CONVERSION = YES;
				CLANG_WARN_OBJC_ROOT_CLASS = YES_ERROR;
				CLANG_WARN_UNREACHABLE_CODE = YES;
				CLANG_WARN__DUPLICATE_METHOD_MATCH = YES;
				"CODE_SIGN_IDENTITY[sdk=iphoneos*]" = "iPhone Developer";
				COPY_PHASE_STRIP = NO;
				DEBUG_INFORMATION_FORMAT = dwarf;
				ENABLE_STRICT_OBJC_MSGSEND = YES;
				ENABLE_TESTABILITY = YES;
				GCC_C_LANGUAGE_STANDARD = gnu99;
				GCC_DYNAMIC_NO_PIC = NO;
				GCC_NO_COMMON_BLOCKS = YES;
				GCC_OPTIMIZATION_LEVEL = 0;
				GCC_PREPROCESSOR_DEFINITIONS = (
					"DEBUG=1",
					"$(inherited)",
				);
				GCC_WARN_64_TO_32_BIT_CONVERSION = YES;
				GCC_WARN_ABOUT_RETURN_TYPE = YES_ERROR;
				GCC_WARN_UNDECLARED_SELECTOR = YES;
				GCC_WARN_UNINITIALIZED_AUTOS = YES_AGGRESSIVE;
				GCC_WARN_UNUSED_FUNCTION = YES;
				GCC_WARN_UNUSED_VARIABLE = YES;
				IPHONEOS_DEPLOYMENT_TARGET = 9.1;
				MTL_ENABLE_DEBUG_INFO = YES;
				ONLY_ACTIVE_ARCH = YES;
				SDKROOT = iphoneos;
			};
			name = Debug;
		};
		C4BF2B691C0D775400CE0CAF /* Release */ = {
			isa = XCBuildConfiguration;
			buildSettings = {
				ALWAYS_SEARCH_USER_PATHS = NO;
				CLANG_CXX_LANGUAGE_STANDARD = "gnu++0x";
				CLANG_CXX_LIBRARY = "libc++";
				CLANG_ENABLE_MODULES = YES;
				CLANG_ENABLE_OBJC_ARC = YES;
				CLANG_WARN_BOOL_CONVERSION = YES;
				CLANG_WARN_CONSTANT_CONVERSION = YES;
				CLANG_WARN_DIRECT_OBJC_ISA_USAGE = YES_ERROR;
				CLANG_WARN_EMPTY_BODY = YES;
				CLANG_WARN_ENUM_CONVERSION = YES;
				CLANG_WARN_INT_CONVERSION = YES;
				CLANG_WARN_OBJC_ROOT_CLASS = YES_ERROR;
				CLANG_WARN_UNREACHABLE_CODE = YES;
				CLANG_WARN__DUPLICATE_METHOD_MATCH = YES;
				"CODE_SIGN_IDENTITY[sdk=iphoneos*]" = "iPhone Developer";
				COPY_PHASE_STRIP = NO;
				DEBUG_INFORMATION_FORMAT = "dwarf-with-dsym";
				ENABLE_NS_ASSERTIONS = NO;
				ENABLE_STRICT_OBJC_MSGSEND = YES;
				GCC_C_LANGUAGE_STANDARD = gnu99;
				GCC_NO_COMMON_BLOCKS = YES;
				GCC_WARN_64_TO_32_BIT_CONVERSION = YES;
				GCC_WARN_ABOUT_RETURN_TYPE = YES_ERROR;
				GCC_WARN_UNDECLARED_SELECTOR = YES;
				GCC_WARN_UNINITIALIZED_AUTOS = YES_AGGRESSIVE;
				GCC_WARN_UNUSED_FUNCTION = YES;
				GCC_WARN_UNUSED_VARIABLE = YES;
				IPHONEOS_DEPLOYMENT_TARGET = 9.1;
				MTL_ENABLE_DEBUG_INFO = NO;
				SDKROOT = iphoneos;
				VALIDATE_PRODUCT = YES;
			};
			name = Release;
		};
		C4BF2B6B1C0D775400CE0CAF /* Debug */ = {
			isa = XCBuildConfiguration;
			buildSettings = {
				ASSETCATALOG_COMPILER_APPICON_NAME = AppIcon;
				INFOPLIST_FILE = CustomTabBar/Info.plist;
				LD_RUNPATH_SEARCH_PATHS = "$(inherited) @executable_path/Frameworks";
				PRODUCT_BUNDLE_IDENTIFIER = "com.dev.-";
				PRODUCT_NAME = "$(TARGET_NAME)";
			};
			name = Debug;
		};
		C4BF2B6C1C0D775400CE0CAF /* Release */ = {
			isa = XCBuildConfiguration;
			buildSettings = {
				ASSETCATALOG_COMPILER_APPICON_NAME = AppIcon;
				INFOPLIST_FILE = CustomTabBar/Info.plist;
				LD_RUNPATH_SEARCH_PATHS = "$(inherited) @executable_path/Frameworks";
				PRODUCT_BUNDLE_IDENTIFIER = "com.dev.-";
				PRODUCT_NAME = "$(TARGET_NAME)";
			};
			name = Release;
		};
/* End XCBuildConfiguration section */

/* Begin XCConfigurationList section */
		C4BF2B4E1C0D775400CE0CAF /* Build configuration list for PBXProject "CustomTabBar" */ = {
			isa = XCConfigurationList;
			buildConfigurations = (
				C4BF2B681C0D775400CE0CAF /* Debug */,
				C4BF2B691C0D775400CE0CAF /* Release */,
			);
			defaultConfigurationIsVisible = 0;
			defaultConfigurationName = Release;
		};
		C4BF2B6A1C0D775400CE0CAF /* Build configuration list for PBXNativeTarget "CustomTabBar" */ = {
			isa = XCConfigurationList;
			buildConfigurations = (
				C4BF2B6B1C0D775400CE0CAF /* Debug */,
				C4BF2B6C1C0D775400CE0CAF /* Release */,
			);
			defaultConfigurationIsVisible = 0;
			defaultConfigurationName = Release;
		};
/* End XCConfigurationList section */
	};
	rootObject = C4BF2B4B1C0D775400CE0CAF /* Project object */;
}
